
Microsoft Visual Studio Solution File, Format Version 12.00
# Visual Studio Version 17
VisualStudioVersion = 17.3.32901.215
MinimumVisualStudioVersion = 10.0.40219.1
Project("{8BC9CEB8-8B4A-11D0-8D11-00A0C91BC942}") = "jansson", "jansson\build\jansson.vcxproj", "{35A1CE86-A8AE-3B3D-A933-B542519EAC66}"
	ProjectSection(ProjectDependencies) = postProject
		{6C6E747F-85C0-4B22-8729-C8A79FC73B51} = {6C6E747F-85C0-4B22-8729-C8A79FC73B51}
	EndProjectSection
EndProject
Project("{8BC9CEB8-8B4A-11D0-8D11-00A0C91BC942}") = "_last", "_last.vcxproj", "{B00DF1B2-7F27-451B-A436-4E16A2966DB5}"
	ProjectSection(ProjectDependencies) = postProject
		{35A1CE86-A8AE-3B3D-A933-B542519EAC66} = {35A1CE86-A8AE-3B3D-A933-B542519EAC66}
	EndProjectSection
EndProject
Project("{8BC9CEB8-8B4A-11D0-8D11-00A0C91BC942}") = "_first", "_first.vcxproj", "{6C6E747F-85C0-4B22-8729-C8A79FC73B51}"
EndProject
Global
	GlobalSection(SolutionConfigurationPlatforms) = preSolution
		Debug|x64 = Debug|x64
		Debug|x86 = Debug|x86
		MinSizeRel|x64 = MinSizeRel|x64
		MinSizeRel|x86 = MinSizeRel|x86
		Release|x64 = Release|x64
		Release|x86 = Release|x86
		RelWithDebInfo|x64 = RelWithDebInfo|x64
		RelWithDebInfo|x86 = RelWithDebInfo|x86
	EndGlobalSection
	GlobalSection(ProjectConfigurationPlatforms) = postSolution
		{35A1CE86-A8AE-3B3D-A933-B542519EAC66}.Debug|x64.ActiveCfg = Debug|Win32
		{35A1CE86-A8AE-3B3D-A933-B542519EAC66}.Debug|x64.Build.0 = Debug|Win32
		{35A1CE86-A8AE-3B3D-A933-B542519EAC66}.Debug|x86.ActiveCfg = Debug|Win32
		{35A1CE86-A8AE-3B3D-A933-B542519EAC66}.Debug|x86.Build.0 = Debug|Win32
		{35A1CE86-A8AE-3B3D-A933-B542519EAC66}.MinSizeRel|x64.ActiveCfg = MinSizeRel|Win32
		{35A1CE86-A8AE-3B3D-A933-B542519EAC66}.MinSizeRel|x64.Build.0 = MinSizeRel|Win32
		{35A1CE86-A8AE-3B3D-A933-B542519EAC66}.MinSizeRel|x86.ActiveCfg = MinSizeRel|Win32
		{35A1CE86-A8AE-3B3D-A933-B542519EAC66}.MinSizeRel|x86.Build.0 = MinSizeRel|Win32
		{35A1CE86-A8AE-3B3D-A933-B542519EAC66}.Release|x64.ActiveCfg = Release|Win32
		{35A1CE86-A8AE-3B3D-A933-B542519EAC66}.Release|x64.Build.0 = Release|Win32
		{35A1CE86-A8AE-3B3D-A933-B542519EAC66}.Release|x86.ActiveCfg = Release|Win32
		{35A1CE86-A8AE-3B3D-A933-B542519EAC66}.Release|x86.Build.0 = Release|Win32
		{35A1CE86-A8AE-3B3D-A933-B542519EAC66}.RelWithDebInfo|x64.ActiveCfg = RelWithDebInfo|Win32
		{35A1CE86-A8AE-3B3D-A933-B542519EAC66}.RelWithDebInfo|x64.Build.0 = RelWithDebInfo|Win32
		{35A1CE86-A8AE-3B3D-A933-B542519EAC66}.RelWithDebInfo|x86.ActiveCfg = RelWithDebInfo|Win32
		{35A1CE86-A8AE-3B3D-A933-B542519EAC66}.RelWithDebInfo|x86.Build.0 = RelWithDebInfo|Win32
		{B00DF1B2-7F27-451B-A436-4E16A2966DB5}.Debug|x64.ActiveCfg = Debug|x64
		{B00DF1B2-7F27-451B-A436-4E16A2966DB5}.Debug|x64.Build.0 = Debug|x64
		{B00DF1B2-7F27-451B-A436-4E16A2966DB5}.Debug|x86.ActiveCfg = Debug|Win32
		{B00DF1B2-7F27-451B-A436-4E16A2966DB5}.Debug|x86.Build.0 = Debug|Win32
		{B00DF1B2-7F27-451B-A436-4E16A2966DB5}.MinSizeRel|x64.ActiveCfg = Debug|x64
		{B00DF1B2-7F27-451B-A436-4E16A2966DB5}.MinSizeRel|x64.Build.0 = Debug|x64
		{B00DF1B2-7F27-451B-A436-4E16A2966DB5}.MinSizeRel|x86.ActiveCfg = Debug|Win32
		{B00DF1B2-7F27-451B-A436-4E16A2966DB5}.MinSizeRel|x86.Build.0 = Debug|Win32
		{B00DF1B2-7F27-451B-A436-4E16A2966DB5}.Release|x64.ActiveCfg = Release|x64
		{B00DF1B2-7F27-451B-A436-4E16A2966DB5}.Release|x64.Build.0 = Release|x64
		{B00DF1B2-7F27-451B-A436-4E16A2966DB5}.Release|x86.ActiveCfg = Release|Win32
		{B00DF1B2-7F27-451B-A436-4E16A2966DB5}.Release|x86.Build.0 = Release|Win32
		{B00DF1B2-7F27-451B-A436-4E16A2966DB5}.RelWithDebInfo|x64.ActiveCfg = Release|x64
		{B00DF1B2-7F27-451B-A436-4E16A2966DB5}.RelWithDebInfo|x64.Build.0 = Release|x64
		{B00DF1B2-7F27-451B-A436-4E16A2966DB5}.RelWithDebInfo|x86.ActiveCfg = Release|Win32
		{B00DF1B2-7F27-451B-A436-4E16A2966DB5}.RelWithDebInfo|x86.Build.0 = Release|Win32
		{6C6E747F-85C0-4B22-8729-C8A79FC73B51}.Debug|x64.ActiveCfg = Debug|x64
		{6C6E747F-85C0-4B22-8729-C8A79FC73B51}.Debug|x64.Build.0 = Debug|x64
		{6C6E747F-85C0-4B22-8729-C8A79FC73B51}.Debug|x86.ActiveCfg = Debug|Win32
		{6C6E747F-85C0-4B22-8729-C8A79FC73B51}.Debug|x86.Build.0 = Debug|Win32
		{6C6E747F-85C0-4B22-8729-C8A79FC73B51}.MinSizeRel|x64.ActiveCfg = Debug|x64
		{6C6E747F-85C0-4B22-8729-C8A79FC73B51}.MinSizeRel|x64.Build.0 = Debug|x64
		{6C6E747F-85C0-4B22-8729-C8A79FC73B51}.MinSizeRel|x86.ActiveCfg = Debug|Win32
		{6C6E747F-85C0-4B22-8729-C8A79FC73B51}.MinSizeRel|x86.Build.0 = Debug|Win32
		{6C6E747F-85C0-4B22-8729-C8A79FC73B51}.Release|x64.ActiveCfg = Release|x64
		{6C6E747F-85C0-4B22-8729-C8A79FC73B51}.Release|x64.Build.0 = Release|x64
		{6C6E747F-85C0-4B22-8729-C8A79FC73B51}.Release|x86.ActiveCfg = Release|Win32
		{6C6E747F-85C0-4B22-8729-C8A79FC73B51}.Release|x86.Build.0 = Release|Win32
		{6C6E747F-85C0-4B22-8729-C8A79FC73B51}.RelWithDebInfo|x64.ActiveCfg = Release|x64
		{6C6E747F-85C0-4B22-8729-C8A79FC73B51}.RelWithDebInfo|x64.Build.0 = Release|x64
		{6C6E747F-85C0-4B22-8729-C8A79FC73B51}.RelWithDebInfo|x86.ActiveCfg = Release|Win32
		{6C6E747F-85C0-4B22-8729-C8A79FC73B51}.RelWithDebInfo|x86.Build.0 = Release|Win32
	EndGlobalSection
	GlobalSection(SolutionProperties) = preSolution
		HideSolutionNode = FALSE
	EndGlobalSection
	GlobalSection(ExtensibilityGlobals) = postSolution
		SolutionGuid = {5BCF5614-7565-42AA-BB64-0CAFA5624E03}
	EndGlobalSection
EndGlobal
